
Microsoft Visual Studio Solution File, Format Version 12.00
# Visual Studio Version 17
VisualStudioVersion = 17.4.33213.308
MinimumVisualStudioVersion = 10.0.40219.1
Project("{9A19103F-16F7-4668-BE54-9A1E7A4F7556}") = "VanadoMachines", "VanadoMachines.csproj", "{C62249A6-4077-47BF-8ED3-90E5669CDBF7}"
EndProject
Project("{9A19103F-16F7-4668-BE54-9A1E7A4F7556}") = "VanadoMachines.Tests", "..\VanadoMachines.Tests\VanadoMachines.Tests.csproj", "{13E51222-3232-4273-8FA4-11BC00182E90}"
EndProject
Global
	GlobalSection(SolutionConfigurationPlatforms) = preSolution
		Debug|Any CPU = Debug|Any CPU
		Release|Any CPU = Release|Any CPU
	EndGlobalSection
	GlobalSection(ProjectConfigurationPlatforms) = postSolution
		{C62249A6-4077-47BF-8ED3-90E5669CDBF7}.Debug|Any CPU.ActiveCfg = Debug|Any CPU
		{C62249A6-4077-47BF-8ED3-90E5669CDBF7}.Debug|Any CPU.Build.0 = Debug|Any CPU
		{C62249A6-4077-47BF-8ED3-90E5669CDBF7}.Release|Any CPU.ActiveCfg = Release|Any CPU
		{C62249A6-4077-47BF-8ED3-90E5669CDBF7}.Release|Any CPU.Build.0 = Release|Any CPU
		{13E51222-3232-4273-8FA4-11BC00182E90}.Debug|Any CPU.ActiveCfg = Debug|Any CPU
		{13E51222-3232-4273-8FA4-11BC00182E90}.Debug|Any CPU.Build.0 = Debug|Any CPU
		{13E51222-3232-4273-8FA4-11BC00182E90}.Release|Any CPU.ActiveCfg = Release|Any CPU
		{13E51222-3232-4273-8FA4-11BC00182E90}.Release|Any CPU.Build.0 = Release|Any CPU
	EndGlobalSection
	GlobalSection(SolutionProperties) = preSolution
		HideSolutionNode = FALSE
	EndGlobalSection
	GlobalSection(ExtensibilityGlobals) = postSolution
		SolutionGuid = {D59ED69B-E2FF-4FDE-9B58-AB1577EB8781}
	EndGlobalSection
EndGlobal
